
Microsoft Visual Studio Solution File, Format Version 12.00
# Visual Studio Version 16
VisualStudioVersion = 16.0.810.16
MinimumVisualStudioVersion = 10.0.40219.1
Project("{FAE04EC0-301F-11D3-BF4B-00C04F79EFBC}") = "TripIt2Gether", "TripIt2Gether\TripIt2Gether.csproj", "{43C92133-0D8B-49D4-A0AE-C596F986A06D}"
EndProject
Project("{FAE04EC0-301F-11D3-BF4B-00C04F79EFBC}") = "TripIt2Gether.UnitTests", "TripIt2Gether.UnitTests\TripIt2Gether.UnitTests.csproj", "{11865C58-00AF-4CF8-A5F8-BCB97A8CC15C}"
EndProject
Global
	GlobalSection(SolutionConfigurationPlatforms) = preSolution
		Debug|Any CPU = Debug|Any CPU
		Release|Any CPU = Release|Any CPU
	EndGlobalSection
	GlobalSection(ProjectConfigurationPlatforms) = postSolution
		{43C92133-0D8B-49D4-A0AE-C596F986A06D}.Debug|Any CPU.ActiveCfg = Debug|Any CPU
		{43C92133-0D8B-49D4-A0AE-C596F986A06D}.Debug|Any CPU.Build.0 = Debug|Any CPU
		{43C92133-0D8B-49D4-A0AE-C596F986A06D}.Release|Any CPU.ActiveCfg = Release|Any CPU
		{43C92133-0D8B-49D4-A0AE-C596F986A06D}.Release|Any CPU.Build.0 = Release|Any CPU
		{11865C58-00AF-4CF8-A5F8-BCB97A8CC15C}.Debug|Any CPU.ActiveCfg = Debug|Any CPU
		{11865C58-00AF-4CF8-A5F8-BCB97A8CC15C}.Debug|Any CPU.Build.0 = Debug|Any CPU
		{11865C58-00AF-4CF8-A5F8-BCB97A8CC15C}.Release|Any CPU.ActiveCfg = Release|Any CPU
		{11865C58-00AF-4CF8-A5F8-BCB97A8CC15C}.Release|Any CPU.Build.0 = Release|Any CPU
	EndGlobalSection
	GlobalSection(SolutionProperties) = preSolution
		HideSolutionNode = FALSE
	EndGlobalSection
	GlobalSection(ExtensibilityGlobals) = postSolution
		SolutionGuid = {E5F3C6BF-CBC3-40C9-9EFC-8B07EA7959F1}
	EndGlobalSection
EndGlobal
